
Microsoft Visual Studio Solution File, Format Version 12.00
# Visual Studio Version 16
VisualStudioVersion = 16.0.30001.183
MinimumVisualStudioVersion = 10.0.40219.1
Project("{9A19103F-16F7-4668-BE54-9A1E7A4F7556}") = "Client", "Client\Client.csproj", "{AEC82184-7C4F-4726-8E42-A8C27DDCE7F2}"
EndProject
Project("{9A19103F-16F7-4668-BE54-9A1E7A4F7556}") = "Server", "Server\Server.csproj", "{AB343F0B-B83D-45F4-90D9-3B798D338CFA}"
EndProject
Global
	GlobalSection(SolutionConfigurationPlatforms) = preSolution
		Debug|Any CPU = Debug|Any CPU
		Release|Any CPU = Release|Any CPU
	EndGlobalSection
	GlobalSection(ProjectConfigurationPlatforms) = postSolution
		{AEC82184-7C4F-4726-8E42-A8C27DDCE7F2}.Debug|Any CPU.ActiveCfg = Debug|Any CPU
		{AEC82184-7C4F-4726-8E42-A8C27DDCE7F2}.Debug|Any CPU.Build.0 = Debug|Any CPU
		{AEC82184-7C4F-4726-8E42-A8C27DDCE7F2}.Release|Any CPU.ActiveCfg = Release|Any CPU
		{AEC82184-7C4F-4726-8E42-A8C27DDCE7F2}.Release|Any CPU.Build.0 = Release|Any CPU
		{AB343F0B-B83D-45F4-90D9-3B798D338CFA}.Debug|Any CPU.ActiveCfg = Debug|Any CPU
		{AB343F0B-B83D-45F4-90D9-3B798D338CFA}.Debug|Any CPU.Build.0 = Debug|Any CPU
		{AB343F0B-B83D-45F4-90D9-3B798D338CFA}.Release|Any CPU.ActiveCfg = Release|Any CPU
		{AB343F0B-B83D-45F4-90D9-3B798D338CFA}.Release|Any CPU.Build.0 = Release|Any CPU
	EndGlobalSection
	GlobalSection(SolutionProperties) = preSolution
		HideSolutionNode = FALSE
	EndGlobalSection
	GlobalSection(ExtensibilityGlobals) = postSolution
		SolutionGuid = {CDC043EF-7307-446A-82FE-CAFB1F6E5F9F}
	EndGlobalSection
EndGlobal
